
Microsoft Visual Studio Solution File, Format Version 12.00
# Visual Studio Version 17
VisualStudioVersion = 17.9.34701.34
MinimumVisualStudioVersion = 10.0.40219.1
Project("{9A19103F-16F7-4668-BE54-9A1E7A4F7556}") = "MCEGold.Data.Services.Connector.Console", "MCEGold.Data.Services.Connector.Console.csproj", "{5B8D6B1B-5F47-463A-9B12-5F2124550050}"
EndProject
Global
	GlobalSection(SolutionConfigurationPlatforms) = preSolution
		Debug|Any CPU = Debug|Any CPU
		Release|Any CPU = Release|Any CPU
	EndGlobalSection
	GlobalSection(ProjectConfigurationPlatforms) = postSolution
		{5B8D6B1B-5F47-463A-9B12-5F2124550050}.Debug|Any CPU.ActiveCfg = Debug|Any CPU
		{5B8D6B1B-5F47-463A-9B12-5F2124550050}.Debug|Any CPU.Build.0 = Debug|Any CPU
		{5B8D6B1B-5F47-463A-9B12-5F2124550050}.Release|Any CPU.ActiveCfg = Release|Any CPU
		{5B8D6B1B-5F47-463A-9B12-5F2124550050}.Release|Any CPU.Build.0 = Release|Any CPU
	EndGlobalSection
	GlobalSection(SolutionProperties) = preSolution
		HideSolutionNode = FALSE
	EndGlobalSection
	GlobalSection(ExtensibilityGlobals) = postSolution
		SolutionGuid = {F86CBECB-6958-4F02-8711-56D3213214C5}
	EndGlobalSection
EndGlobal
